
Microsoft Visual Studio Solution File, Format Version 12.00
# Visual Studio Version 17
VisualStudioVersion = 17.9.34622.214
MinimumVisualStudioVersion = 10.0.40219.1
Project("{FAE04EC0-301F-11D3-BF4B-00C04F79EFBC}") = "ComApp", "comApp\ComApp.csproj", "{9DC28A05-BD3B-4EE2-93D5-1B3B0F54CBAA}"
EndProject
Global
	GlobalSection(SolutionConfigurationPlatforms) = preSolution
		Debug|Any CPU = Debug|Any CPU
		Release|Any CPU = Release|Any CPU
	EndGlobalSection
	GlobalSection(ProjectConfigurationPlatforms) = postSolution
		{9DC28A05-BD3B-4EE2-93D5-1B3B0F54CBAA}.Debug|Any CPU.ActiveCfg = Debug|Any CPU
		{9DC28A05-BD3B-4EE2-93D5-1B3B0F54CBAA}.Debug|Any CPU.Build.0 = Debug|Any CPU
		{9DC28A05-BD3B-4EE2-93D5-1B3B0F54CBAA}.Debug|Any CPU.Deploy.0 = Debug|Any CPU
		{9DC28A05-BD3B-4EE2-93D5-1B3B0F54CBAA}.Release|Any CPU.ActiveCfg = Release|Any CPU
		{9DC28A05-BD3B-4EE2-93D5-1B3B0F54CBAA}.Release|Any CPU.Build.0 = Release|Any CPU
		{9DC28A05-BD3B-4EE2-93D5-1B3B0F54CBAA}.Release|Any CPU.Deploy.0 = Release|Any CPU
	EndGlobalSection
	GlobalSection(SolutionProperties) = preSolution
		HideSolutionNode = FALSE
	EndGlobalSection
	GlobalSection(ExtensibilityGlobals) = postSolution
		SolutionGuid = {F8473778-98B8-4C69-9B28-15E6610B6972}
	EndGlobalSection
EndGlobal
